
Microsoft Visual Studio Solution File, Format Version 12.00
# Visual Studio Version 17
VisualStudioVersion = 17.4.33213.308
MinimumVisualStudioVersion = 10.0.40219.1
Project("{9A19103F-16F7-4668-BE54-9A1E7A4F7556}") = "01_intro", "01_intro\01_intro.csproj", "{EDEC1E35-2213-4FE1-BFB1-AE23BA352A3C}"
EndProject
Project("{9A19103F-16F7-4668-BE54-9A1E7A4F7556}") = "02_ref_params", "02_ref_params\02_ref_params.csproj", "{866E5477-1D13-4E30-BDBF-94F4193CADE5}"
EndProject
Project("{9A19103F-16F7-4668-BE54-9A1E7A4F7556}") = "03_array one dim", "03_array one dim\03_array one dim.csproj", "{C89EDFDE-5A29-474C-9207-B5EC2C2B94AC}"
EndProject
Project("{9A19103F-16F7-4668-BE54-9A1E7A4F7556}") = "04_arr two dym", "04_arr two dym\04_arr two dym.csproj", "{A0DC72E5-F8D4-46C1-8436-098B72E82823}"
EndProject
Project("{9A19103F-16F7-4668-BE54-9A1E7A4F7556}") = "05_String_string builder", "05_String_string builder\05_String_string builder.csproj", "{68716DEF-6958-4258-93CE-AE3AA71AAA94}"
EndProject
Project("{9A19103F-16F7-4668-BE54-9A1E7A4F7556}") = "06_Intro__class", "06_Intro__class\06_Intro__class.csproj", "{6AD59C12-8088-4AAD-BCCE-79AD45B00BF5}"
EndProject
Project("{9A19103F-16F7-4668-BE54-9A1E7A4F7556}") = "07_Static___class", "07_Static___class\07_Static___class.csproj", "{006CC872-6C43-42F9-A2B5-7AEA59E628D4}"
EndProject
Project("{9A19103F-16F7-4668-BE54-9A1E7A4F7556}") = "08_Null operator", "08_Null operator\08_Null operator.csproj", "{543D6361-75D2-4C1F-815B-C8E181D94871}"
EndProject
Project("{9A19103F-16F7-4668-BE54-9A1E7A4F7556}") = "09_Overload operators", "09_Overload operators\09_Overload operators.csproj", "{3FD2F79E-FA6D-4FFD-AC95-90BC067D5C80}"
EndProject
Project("{9A19103F-16F7-4668-BE54-9A1E7A4F7556}") = "10_Matrix_indexers", "10_Matrix_indexers\10_Matrix_indexers.csproj", "{361702F3-6479-41A2-959A-AA38FC9A64EB}"
EndProject
Project("{9A19103F-16F7-4668-BE54-9A1E7A4F7556}") = "11_Exception", "11_Exception\11_Exception.csproj", "{6E373748-0C35-47DD-9EFB-E2E4DC213887}"
EndProject
Project("{9A19103F-16F7-4668-BE54-9A1E7A4F7556}") = "12_Inheritance", "12_Inheritance\12_Inheritance.csproj", "{FFE2D075-4233-4073-BE5D-31A0534A11E6}"
EndProject
Project("{9A19103F-16F7-4668-BE54-9A1E7A4F7556}") = "13_Extention_method", "13_Extention_method\13_Extention_method.csproj", "{4CB5840A-972F-4038-9757-D9305970D741}"
EndProject
Project("{9A19103F-16F7-4668-BE54-9A1E7A4F7556}") = "14_Interface", "14_Interface\14_Interface.csproj", "{E3352A7A-DFE4-4556-8A60-0AEC9C2613A7}"
EndProject
Project("{9A19103F-16F7-4668-BE54-9A1E7A4F7556}") = "15_IClonable", "15_IClonable\15_IClonable.csproj", "{8DE087D4-8EA9-4A0E-B0E6-C0BEBF7C438D}"
EndProject
Project("{9A19103F-16F7-4668-BE54-9A1E7A4F7556}") = "16_IEnumerable_demo", "16_IEnumerable_demo\16_IEnumerable_demo.csproj", "{46B85CD2-76F8-4F32-8148-336BC1747C12}"
EndProject
Project("{9A19103F-16F7-4668-BE54-9A1E7A4F7556}") = "17_IEnumerable_Product", "17_IEnumerable_Product\17_IEnumerable_Product.csproj", "{86013338-56DE-4C09-B552-51DBD46C5887}"
EndProject
Project("{9A19103F-16F7-4668-BE54-9A1E7A4F7556}") = "18_Enum_demo", "18_Enum_demo\18_Enum_demo.csproj", "{C0D845E1-930B-41A1-BC8C-9E05C69E84C2}"
EndProject
Project("{9A19103F-16F7-4668-BE54-9A1E7A4F7556}") = "19_Structure_Demo", "19_Structure_Demo\19_Structure_Demo.csproj", "{4B14CA95-21D7-4A22-82FC-073FB71C0632}"
EndProject
Project("{FAE04EC0-301F-11D3-BF4B-00C04F79EFBC}") = "20_Delegate", "20_Delegate\20_Delegate.csproj", "{19432E7F-8FD6-4AC7-8BE9-E7383D2C27BE}"
EndProject
Project("{FAE04EC0-301F-11D3-BF4B-00C04F79EFBC}") = "21_Delegate_as_params", "21_Delegate_as_params\21_Delegate_as_params.csproj", "{8C52B936-68C2-454E-BE7A-4A6E76F8308C}"
EndProject
Project("{FAE04EC0-301F-11D3-BF4B-00C04F79EFBC}") = "22_Std_delegate", "22_Std_delegate\22_Std_delegate.csproj", "{930B340C-E84B-44F3-B0FF-1E52074EA57B}"
EndProject
Global
	GlobalSection(SolutionConfigurationPlatforms) = preSolution
		Debug|Any CPU = Debug|Any CPU
		Release|Any CPU = Release|Any CPU
	EndGlobalSection
	GlobalSection(ProjectConfigurationPlatforms) = postSolution
		{EDEC1E35-2213-4FE1-BFB1-AE23BA352A3C}.Debug|Any CPU.ActiveCfg = Debug|Any CPU
		{EDEC1E35-2213-4FE1-BFB1-AE23BA352A3C}.Debug|Any CPU.Build.0 = Debug|Any CPU
		{EDEC1E35-2213-4FE1-BFB1-AE23BA352A3C}.Release|Any CPU.ActiveCfg = Release|Any CPU
		{EDEC1E35-2213-4FE1-BFB1-AE23BA352A3C}.Release|Any CPU.Build.0 = Release|Any CPU
		{866E5477-1D13-4E30-BDBF-94F4193CADE5}.Debug|Any CPU.ActiveCfg = Debug|Any CPU
		{866E5477-1D13-4E30-BDBF-94F4193CADE5}.Debug|Any CPU.Build.0 = Debug|Any CPU
		{866E5477-1D13-4E30-BDBF-94F4193CADE5}.Release|Any CPU.ActiveCfg = Release|Any CPU
		{866E5477-1D13-4E30-BDBF-94F4193CADE5}.Release|Any CPU.Build.0 = Release|Any CPU
		{C89EDFDE-5A29-474C-9207-B5EC2C2B94AC}.Debug|Any CPU.ActiveCfg = Debug|Any CPU
		{C89EDFDE-5A29-474C-9207-B5EC2C2B94AC}.Debug|Any CPU.Build.0 = Debug|Any CPU
		{C89EDFDE-5A29-474C-9207-B5EC2C2B94AC}.Release|Any CPU.ActiveCfg = Release|Any CPU
		{C89EDFDE-5A29-474C-9207-B5EC2C2B94AC}.Release|Any CPU.Build.0 = Release|Any CPU
		{A0DC72E5-F8D4-46C1-8436-098B72E82823}.Debug|Any CPU.ActiveCfg = Debug|Any CPU
		{A0DC72E5-F8D4-46C1-8436-098B72E82823}.Debug|Any CPU.Build.0 = Debug|Any CPU
		{A0DC72E5-F8D4-46C1-8436-098B72E82823}.Release|Any CPU.ActiveCfg = Release|Any CPU
		{A0DC72E5-F8D4-46C1-8436-098B72E82823}.Release|Any CPU.Build.0 = Release|Any CPU
		{68716DEF-6958-4258-93CE-AE3AA71AAA94}.Debug|Any CPU.ActiveCfg = Debug|Any CPU
		{68716DEF-6958-4258-93CE-AE3AA71AAA94}.Debug|Any CPU.Build.0 = Debug|Any CPU
		{68716DEF-6958-4258-93CE-AE3AA71AAA94}.Release|Any CPU.ActiveCfg = Release|Any CPU
		{68716DEF-6958-4258-93CE-AE3AA71AAA94}.Release|Any CPU.Build.0 = Release|Any CPU
		{6AD59C12-8088-4AAD-BCCE-79AD45B00BF5}.Debug|Any CPU.ActiveCfg = Debug|Any CPU
		{6AD59C12-8088-4AAD-BCCE-79AD45B00BF5}.Debug|Any CPU.Build.0 = Debug|Any CPU
		{6AD59C12-8088-4AAD-BCCE-79AD45B00BF5}.Release|Any CPU.ActiveCfg = Release|Any CPU
		{6AD59C12-8088-4AAD-BCCE-79AD45B00BF5}.Release|Any CPU.Build.0 = Release|Any CPU
		{006CC872-6C43-42F9-A2B5-7AEA59E628D4}.Debug|Any CPU.ActiveCfg = Debug|Any CPU
		{006CC872-6C43-42F9-A2B5-7AEA59E628D4}.Debug|Any CPU.Build.0 = Debug|Any CPU
		{006CC872-6C43-42F9-A2B5-7AEA59E628D4}.Release|Any CPU.ActiveCfg = Release|Any CPU
		{006CC872-6C43-42F9-A2B5-7AEA59E628D4}.Release|Any CPU.Build.0 = Release|Any CPU
		{543D6361-75D2-4C1F-815B-C8E181D94871}.Debug|Any CPU.ActiveCfg = Debug|Any CPU
		{543D6361-75D2-4C1F-815B-C8E181D94871}.Debug|Any CPU.Build.0 = Debug|Any CPU
		{543D6361-75D2-4C1F-815B-C8E181D94871}.Release|Any CPU.ActiveCfg = Release|Any CPU
		{543D6361-75D2-4C1F-815B-C8E181D94871}.Release|Any CPU.Build.0 = Release|Any CPU
		{3FD2F79E-FA6D-4FFD-AC95-90BC067D5C80}.Debug|Any CPU.ActiveCfg = Debug|Any CPU
		{3FD2F79E-FA6D-4FFD-AC95-90BC067D5C80}.Debug|Any CPU.Build.0 = Debug|Any CPU
		{3FD2F79E-FA6D-4FFD-AC95-90BC067D5C80}.Release|Any CPU.ActiveCfg = Release|Any CPU
		{3FD2F79E-FA6D-4FFD-AC95-90BC067D5C80}.Release|Any CPU.Build.0 = Release|Any CPU
		{361702F3-6479-41A2-959A-AA38FC9A64EB}.Debug|Any CPU.ActiveCfg = Debug|Any CPU
		{361702F3-6479-41A2-959A-AA38FC9A64EB}.Debug|Any CPU.Build.0 = Debug|Any CPU
		{361702F3-6479-41A2-959A-AA38FC9A64EB}.Release|Any CPU.ActiveCfg = Release|Any CPU
		{361702F3-6479-41A2-959A-AA38FC9A64EB}.Release|Any CPU.Build.0 = Release|Any CPU
		{6E373748-0C35-47DD-9EFB-E2E4DC213887}.Debug|Any CPU.ActiveCfg = Debug|Any CPU
		{6E373748-0C35-47DD-9EFB-E2E4DC213887}.Debug|Any CPU.Build.0 = Debug|Any CPU
		{6E373748-0C35-47DD-9EFB-E2E4DC213887}.Release|Any CPU.ActiveCfg = Release|Any CPU
		{6E373748-0C35-47DD-9EFB-E2E4DC213887}.Release|Any CPU.Build.0 = Release|Any CPU
		{FFE2D075-4233-4073-BE5D-31A0534A11E6}.Debug|Any CPU.ActiveCfg = Debug|Any CPU
		{FFE2D075-4233-4073-BE5D-31A0534A11E6}.Debug|Any CPU.Build.0 = Debug|Any CPU
		{FFE2D075-4233-4073-BE5D-31A0534A11E6}.Release|Any CPU.ActiveCfg = Release|Any CPU
		{FFE2D075-4233-4073-BE5D-31A0534A11E6}.Release|Any CPU.Build.0 = Release|Any CPU
		{4CB5840A-972F-4038-9757-D9305970D741}.Debug|Any CPU.ActiveCfg = Debug|Any CPU
		{4CB5840A-972F-4038-9757-D9305970D741}.Debug|Any CPU.Build.0 = Debug|Any CPU
		{4CB5840A-972F-4038-9757-D9305970D741}.Release|Any CPU.ActiveCfg = Release|Any CPU
		{4CB5840A-972F-4038-9757-D9305970D741}.Release|Any CPU.Build.0 = Release|Any CPU
		{E3352A7A-DFE4-4556-8A60-0AEC9C2613A7}.Debug|Any CPU.ActiveCfg = Debug|Any CPU
		{E3352A7A-DFE4-4556-8A60-0AEC9C2613A7}.Debug|Any CPU.Build.0 = Debug|Any CPU
		{E3352A7A-DFE4-4556-8A60-0AEC9C2613A7}.Release|Any CPU.ActiveCfg = Release|Any CPU
		{E3352A7A-DFE4-4556-8A60-0AEC9C2613A7}.Release|Any CPU.Build.0 = Release|Any CPU
		{8DE087D4-8EA9-4A0E-B0E6-C0BEBF7C438D}.Debug|Any CPU.ActiveCfg = Debug|Any CPU
		{8DE087D4-8EA9-4A0E-B0E6-C0BEBF7C438D}.Debug|Any CPU.Build.0 = Debug|Any CPU
		{8DE087D4-8EA9-4A0E-B0E6-C0BEBF7C438D}.Release|Any CPU.ActiveCfg = Release|Any CPU
		{8DE087D4-8EA9-4A0E-B0E6-C0BEBF7C438D}.Release|Any CPU.Build.0 = Release|Any CPU
		{46B85CD2-76F8-4F32-8148-336BC1747C12}.Debug|Any CPU.ActiveCfg = Debug|Any CPU
		{46B85CD2-76F8-4F32-8148-336BC1747C12}.Debug|Any CPU.Build.0 = Debug|Any CPU
		{46B85CD2-76F8-4F32-8148-336BC1747C12}.Release|Any CPU.ActiveCfg = Release|Any CPU
		{46B85CD2-76F8-4F32-8148-336BC1747C12}.Release|Any CPU.Build.0 = Release|Any CPU
		{86013338-56DE-4C09-B552-51DBD46C5887}.Debug|Any CPU.ActiveCfg = Debug|Any CPU
		{86013338-56DE-4C09-B552-51DBD46C5887}.Debug|Any CPU.Build.0 = Debug|Any CPU
		{86013338-56DE-4C09-B552-51DBD46C5887}.Release|Any CPU.ActiveCfg = Release|Any CPU
		{86013338-56DE-4C09-B552-51DBD46C5887}.Release|Any CPU.Build.0 = Release|Any CPU
		{C0D845E1-930B-41A1-BC8C-9E05C69E84C2}.Debug|Any CPU.ActiveCfg = Debug|Any CPU
		{C0D845E1-930B-41A1-BC8C-9E05C69E84C2}.Debug|Any CPU.Build.0 = Debug|Any CPU
		{C0D845E1-930B-41A1-BC8C-9E05C69E84C2}.Release|Any CPU.ActiveCfg = Release|Any CPU
		{C0D845E1-930B-41A1-BC8C-9E05C69E84C2}.Release|Any CPU.Build.0 = Release|Any CPU
		{4B14CA95-21D7-4A22-82FC-073FB71C0632}.Debug|Any CPU.ActiveCfg = Debug|Any CPU
		{4B14CA95-21D7-4A22-82FC-073FB71C0632}.Debug|Any CPU.Build.0 = Debug|Any CPU
		{4B14CA95-21D7-4A22-82FC-073FB71C0632}.Release|Any CPU.ActiveCfg = Release|Any CPU
		{4B14CA95-21D7-4A22-82FC-073FB71C0632}.Release|Any CPU.Build.0 = Release|Any CPU
		{19432E7F-8FD6-4AC7-8BE9-E7383D2C27BE}.Debug|Any CPU.ActiveCfg = Debug|Any CPU
		{19432E7F-8FD6-4AC7-8BE9-E7383D2C27BE}.Debug|Any CPU.Build.0 = Debug|Any CPU
		{19432E7F-8FD6-4AC7-8BE9-E7383D2C27BE}.Release|Any CPU.ActiveCfg = Release|Any CPU
		{19432E7F-8FD6-4AC7-8BE9-E7383D2C27BE}.Release|Any CPU.Build.0 = Release|Any CPU
		{8C52B936-68C2-454E-BE7A-4A6E76F8308C}.Debug|Any CPU.ActiveCfg = Debug|Any CPU
		{8C52B936-68C2-454E-BE7A-4A6E76F8308C}.Debug|Any CPU.Build.0 = Debug|Any CPU
		{8C52B936-68C2-454E-BE7A-4A6E76F8308C}.Release|Any CPU.ActiveCfg = Release|Any CPU
		{8C52B936-68C2-454E-BE7A-4A6E76F8308C}.Release|Any CPU.Build.0 = Release|Any CPU
		{930B340C-E84B-44F3-B0FF-1E52074EA57B}.Debug|Any CPU.ActiveCfg = Debug|Any CPU
		{930B340C-E84B-44F3-B0FF-1E52074EA57B}.Debug|Any CPU.Build.0 = Debug|Any CPU
		{930B340C-E84B-44F3-B0FF-1E52074EA57B}.Release|Any CPU.ActiveCfg = Release|Any CPU
		{930B340C-E84B-44F3-B0FF-1E52074EA57B}.Release|Any CPU.Build.0 = Release|Any CPU
	EndGlobalSection
	GlobalSection(SolutionProperties) = preSolution
		HideSolutionNode = FALSE
	EndGlobalSection
	GlobalSection(ExtensibilityGlobals) = postSolution
		SolutionGuid = {AB932D80-FF73-431F-8F5A-5194D0D72101}
	EndGlobalSection
EndGlobal
