
Microsoft Visual Studio Solution File, Format Version 12.00
# Visual Studio Version 17
VisualStudioVersion = 17.4.33213.308
MinimumVisualStudioVersion = 10.0.40219.1
Project("{9A19103F-16F7-4668-BE54-9A1E7A4F7556}") = "01_intro", "01_intro\01_intro.csproj", "{EDEC1E35-2213-4FE1-BFB1-AE23BA352A3C}"
EndProject
Project("{9A19103F-16F7-4668-BE54-9A1E7A4F7556}") = "02_ref_params", "02_ref_params\02_ref_params.csproj", "{866E5477-1D13-4E30-BDBF-94F4193CADE5}"
EndProject
Project("{9A19103F-16F7-4668-BE54-9A1E7A4F7556}") = "03_array one dim", "03_array one dim\03_array one dim.csproj", "{C89EDFDE-5A29-474C-9207-B5EC2C2B94AC}"
EndProject
Project("{9A19103F-16F7-4668-BE54-9A1E7A4F7556}") = "04_arr two dym", "04_arr two dym\04_arr two dym.csproj", "{A0DC72E5-F8D4-46C1-8436-098B72E82823}"
EndProject
Project("{9A19103F-16F7-4668-BE54-9A1E7A4F7556}") = "05_String_string builder", "05_String_string builder\05_String_string builder.csproj", "{68716DEF-6958-4258-93CE-AE3AA71AAA94}"
EndProject
Project("{9A19103F-16F7-4668-BE54-9A1E7A4F7556}") = "06_Intro__class", "06_Intro__class\06_Intro__class.csproj", "{6AD59C12-8088-4AAD-BCCE-79AD45B00BF5}"
EndProject
Project("{9A19103F-16F7-4668-BE54-9A1E7A4F7556}") = "07_Static___class", "07_Static___class\07_Static___class.csproj", "{006CC872-6C43-42F9-A2B5-7AEA59E628D4}"
EndProject
Project("{9A19103F-16F7-4668-BE54-9A1E7A4F7556}") = "08_Null operator", "08_Null operator\08_Null operator.csproj", "{543D6361-75D2-4C1F-815B-C8E181D94871}"
EndProject
Project("{9A19103F-16F7-4668-BE54-9A1E7A4F7556}") = "09_Overload operators", "09_Overload operators\09_Overload operators.csproj", "{3FD2F79E-FA6D-4FFD-AC95-90BC067D5C80}"
EndProject
Project("{9A19103F-16F7-4668-BE54-9A1E7A4F7556}") = "10_Matrix_indexers", "10_Matrix_indexers\10_Matrix_indexers.csproj", "{361702F3-6479-41A2-959A-AA38FC9A64EB}"
EndProject
Project("{9A19103F-16F7-4668-BE54-9A1E7A4F7556}") = "11_Exception", "11_Exception\11_Exception.csproj", "{6E373748-0C35-47DD-9EFB-E2E4DC213887}"
EndProject
Project("{FAE04EC0-301F-11D3-BF4B-00C04F79EFBC}") = "12_Inheritance", "12_Inheritance\12_Inheritance.csproj", "{FFE2D075-4233-4073-BE5D-31A0534A11E6}"
EndProject
Global
	GlobalSection(SolutionConfigurationPlatforms) = preSolution
		Debug|Any CPU = Debug|Any CPU
		Release|Any CPU = Release|Any CPU
	EndGlobalSection
	GlobalSection(ProjectConfigurationPlatforms) = postSolution
		{EDEC1E35-2213-4FE1-BFB1-AE23BA352A3C}.Debug|Any CPU.ActiveCfg = Debug|Any CPU
		{EDEC1E35-2213-4FE1-BFB1-AE23BA352A3C}.Debug|Any CPU.Build.0 = Debug|Any CPU
		{EDEC1E35-2213-4FE1-BFB1-AE23BA352A3C}.Release|Any CPU.ActiveCfg = Release|Any CPU
		{EDEC1E35-2213-4FE1-BFB1-AE23BA352A3C}.Release|Any CPU.Build.0 = Release|Any CPU
		{866E5477-1D13-4E30-BDBF-94F4193CADE5}.Debug|Any CPU.ActiveCfg = Debug|Any CPU
		{866E5477-1D13-4E30-BDBF-94F4193CADE5}.Debug|Any CPU.Build.0 = Debug|Any CPU
		{866E5477-1D13-4E30-BDBF-94F4193CADE5}.Release|Any CPU.ActiveCfg = Release|Any CPU
		{866E5477-1D13-4E30-BDBF-94F4193CADE5}.Release|Any CPU.Build.0 = Release|Any CPU
		{C89EDFDE-5A29-474C-9207-B5EC2C2B94AC}.Debug|Any CPU.ActiveCfg = Debug|Any CPU
		{C89EDFDE-5A29-474C-9207-B5EC2C2B94AC}.Debug|Any CPU.Build.0 = Debug|Any CPU
		{C89EDFDE-5A29-474C-9207-B5EC2C2B94AC}.Release|Any CPU.ActiveCfg = Release|Any CPU
		{C89EDFDE-5A29-474C-9207-B5EC2C2B94AC}.Release|Any CPU.Build.0 = Release|Any CPU
		{A0DC72E5-F8D4-46C1-8436-098B72E82823}.Debug|Any CPU.ActiveCfg = Debug|Any CPU
		{A0DC72E5-F8D4-46C1-8436-098B72E82823}.Debug|Any CPU.Build.0 = Debug|Any CPU
		{A0DC72E5-F8D4-46C1-8436-098B72E82823}.Release|Any CPU.ActiveCfg = Release|Any CPU
		{A0DC72E5-F8D4-46C1-8436-098B72E82823}.Release|Any CPU.Build.0 = Release|Any CPU
		{68716DEF-6958-4258-93CE-AE3AA71AAA94}.Debug|Any CPU.ActiveCfg = Debug|Any CPU
		{68716DEF-6958-4258-93CE-AE3AA71AAA94}.Debug|Any CPU.Build.0 = Debug|Any CPU
		{68716DEF-6958-4258-93CE-AE3AA71AAA94}.Release|Any CPU.ActiveCfg = Release|Any CPU
		{68716DEF-6958-4258-93CE-AE3AA71AAA94}.Release|Any CPU.Build.0 = Release|Any CPU
		{6AD59C12-8088-4AAD-BCCE-79AD45B00BF5}.Debug|Any CPU.ActiveCfg = Debug|Any CPU
		{6AD59C12-8088-4AAD-BCCE-79AD45B00BF5}.Debug|Any CPU.Build.0 = Debug|Any CPU
		{6AD59C12-8088-4AAD-BCCE-79AD45B00BF5}.Release|Any CPU.ActiveCfg = Release|Any CPU
		{6AD59C12-8088-4AAD-BCCE-79AD45B00BF5}.Release|Any CPU.Build.0 = Release|Any CPU
		{006CC872-6C43-42F9-A2B5-7AEA59E628D4}.Debug|Any CPU.ActiveCfg = Debug|Any CPU
		{006CC872-6C43-42F9-A2B5-7AEA59E628D4}.Debug|Any CPU.Build.0 = Debug|Any CPU
		{006CC872-6C43-42F9-A2B5-7AEA59E628D4}.Release|Any CPU.ActiveCfg = Release|Any CPU
		{006CC872-6C43-42F9-A2B5-7AEA59E628D4}.Release|Any CPU.Build.0 = Release|Any CPU
		{543D6361-75D2-4C1F-815B-C8E181D94871}.Debug|Any CPU.ActiveCfg = Debug|Any CPU
		{543D6361-75D2-4C1F-815B-C8E181D94871}.Debug|Any CPU.Build.0 = Debug|Any CPU
		{543D6361-75D2-4C1F-815B-C8E181D94871}.Release|Any CPU.ActiveCfg = Release|Any CPU
		{543D6361-75D2-4C1F-815B-C8E181D94871}.Release|Any CPU.Build.0 = Release|Any CPU
		{3FD2F79E-FA6D-4FFD-AC95-90BC067D5C80}.Debug|Any CPU.ActiveCfg = Debug|Any CPU
		{3FD2F79E-FA6D-4FFD-AC95-90BC067D5C80}.Debug|Any CPU.Build.0 = Debug|Any CPU
		{3FD2F79E-FA6D-4FFD-AC95-90BC067D5C80}.Release|Any CPU.ActiveCfg = Release|Any CPU
		{3FD2F79E-FA6D-4FFD-AC95-90BC067D5C80}.Release|Any CPU.Build.0 = Release|Any CPU
		{361702F3-6479-41A2-959A-AA38FC9A64EB}.Debug|Any CPU.ActiveCfg = Debug|Any CPU
		{361702F3-6479-41A2-959A-AA38FC9A64EB}.Debug|Any CPU.Build.0 = Debug|Any CPU
		{361702F3-6479-41A2-959A-AA38FC9A64EB}.Release|Any CPU.ActiveCfg = Release|Any CPU
		{361702F3-6479-41A2-959A-AA38FC9A64EB}.Release|Any CPU.Build.0 = Release|Any CPU
		{6E373748-0C35-47DD-9EFB-E2E4DC213887}.Debug|Any CPU.ActiveCfg = Debug|Any CPU
		{6E373748-0C35-47DD-9EFB-E2E4DC213887}.Debug|Any CPU.Build.0 = Debug|Any CPU
		{6E373748-0C35-47DD-9EFB-E2E4DC213887}.Release|Any CPU.ActiveCfg = Release|Any CPU
		{6E373748-0C35-47DD-9EFB-E2E4DC213887}.Release|Any CPU.Build.0 = Release|Any CPU
		{FFE2D075-4233-4073-BE5D-31A0534A11E6}.Debug|Any CPU.ActiveCfg = Debug|Any CPU
		{FFE2D075-4233-4073-BE5D-31A0534A11E6}.Debug|Any CPU.Build.0 = Debug|Any CPU
		{FFE2D075-4233-4073-BE5D-31A0534A11E6}.Release|Any CPU.ActiveCfg = Release|Any CPU
		{FFE2D075-4233-4073-BE5D-31A0534A11E6}.Release|Any CPU.Build.0 = Release|Any CPU
	EndGlobalSection
	GlobalSection(SolutionProperties) = preSolution
		HideSolutionNode = FALSE
	EndGlobalSection
	GlobalSection(ExtensibilityGlobals) = postSolution
		SolutionGuid = {AB932D80-FF73-431F-8F5A-5194D0D72101}
	EndGlobalSection
EndGlobal
